
Microsoft Visual Studio Solution File, Format Version 12.00
# Visual Studio Version 17
VisualStudioVersion = 17.11.35222.181
MinimumVisualStudioVersion = 10.0.40219.1
Project("{FAE04EC0-301F-11D3-BF4B-00C04F79EFBC}") = "BankingApplication", "BankingApplication.csproj", "{55B917BE-A0A0-4B07-88CD-F1B01B03F76F}"
EndProject
Global
	GlobalSection(SolutionConfigurationPlatforms) = preSolution
		Debug|Any CPU = Debug|Any CPU
		Release|Any CPU = Release|Any CPU
	EndGlobalSection
	GlobalSection(ProjectConfigurationPlatforms) = postSolution
		{55B917BE-A0A0-4B07-88CD-F1B01B03F76F}.Debug|Any CPU.ActiveCfg = Debug|Any CPU
		{55B917BE-A0A0-4B07-88CD-F1B01B03F76F}.Debug|Any CPU.Build.0 = Debug|Any CPU
		{55B917BE-A0A0-4B07-88CD-F1B01B03F76F}.Release|Any CPU.ActiveCfg = Release|Any CPU
		{55B917BE-A0A0-4B07-88CD-F1B01B03F76F}.Release|Any CPU.Build.0 = Release|Any CPU
	EndGlobalSection
	GlobalSection(SolutionProperties) = preSolution
		HideSolutionNode = FALSE
	EndGlobalSection
	GlobalSection(ExtensibilityGlobals) = postSolution
		SolutionGuid = {6F4BFEFB-D5DA-41EB-AB20-79CF8BA1F8C1}
	EndGlobalSection
EndGlobal
